// !$*UTF8*$!
{
	archiveVersion = 1;
	classes = {
	};
	objectVersion = 46;
	objects = {

/* Begin PBXBuildFile section */
		0728FBCC1BB8D23800150799 /* DataService.swift in Sources */ = {isa = PBXBuildFile; fileRef = 0728FBCB1BB8D23800150799 /* DataService.swift */; settings = {ASSET_TAGS = (); }; };
		0728FBCE1BB8F1AF00150799 /* FeedVC.swift in Sources */ = {isa = PBXBuildFile; fileRef = 0728FBCD1BB8F1AF00150799 /* FeedVC.swift */; settings = {ASSET_TAGS = (); }; };
		0728FBD01BB8F2B800150799 /* PostCell.swift in Sources */ = {isa = PBXBuildFile; fileRef = 0728FBCF1BB8F2B800150799 /* PostCell.swift */; settings = {ASSET_TAGS = (); }; };
		0728FBD21BB9AF1000150799 /* Post.swift in Sources */ = {isa = PBXBuildFile; fileRef = 0728FBD11BB9AF1000150799 /* Post.swift */; settings = {ASSET_TAGS = (); }; };
		07F17EBF1BB88F3500A874E5 /* AppDelegate.swift in Sources */ = {isa = PBXBuildFile; fileRef = 07F17EBE1BB88F3500A874E5 /* AppDelegate.swift */; };
		07F17EC11BB88F3500A874E5 /* ViewController.swift in Sources */ = {isa = PBXBuildFile; fileRef = 07F17EC01BB88F3500A874E5 /* ViewController.swift */; };
		07F17EC41BB88F3500A874E5 /* Main.storyboard in Resources */ = {isa = PBXBuildFile; fileRef = 07F17EC21BB88F3500A874E5 /* Main.storyboard */; };
		07F17EC61BB88F3500A874E5 /* Assets.xcassets in Resources */ = {isa = PBXBuildFile; fileRef = 07F17EC51BB88F3500A874E5 /* Assets.xcassets */; };
		07F17EC91BB88F3500A874E5 /* LaunchScreen.storyboard in Resources */ = {isa = PBXBuildFile; fileRef = 07F17EC71BB88F3500A874E5 /* LaunchScreen.storyboard */; };
		07F17ED81BB88F8E00A874E5 /* NotoSans-Bold.ttf in Resources */ = {isa = PBXBuildFile; fileRef = 07F17ED41BB88F8E00A874E5 /* NotoSans-Bold.ttf */; settings = {ASSET_TAGS = (); }; };
		07F17ED91BB88F8E00A874E5 /* NotoSans-BoldItalic.ttf in Resources */ = {isa = PBXBuildFile; fileRef = 07F17ED51BB88F8E00A874E5 /* NotoSans-BoldItalic.ttf */; settings = {ASSET_TAGS = (); }; };
		07F17EDA1BB88F8E00A874E5 /* NotoSans-Italic.ttf in Resources */ = {isa = PBXBuildFile; fileRef = 07F17ED61BB88F8E00A874E5 /* NotoSans-Italic.ttf */; settings = {ASSET_TAGS = (); }; };
		07F17EDB1BB88F8E00A874E5 /* NotoSans-Regular.ttf in Resources */ = {isa = PBXBuildFile; fileRef = 07F17ED71BB88F8E00A874E5 /* NotoSans-Regular.ttf */; settings = {ASSET_TAGS = (); }; };
		07F17EDD1BB8945A00A874E5 /* MaterialView.swift in Sources */ = {isa = PBXBuildFile; fileRef = 07F17EDC1BB8945A00A874E5 /* MaterialView.swift */; settings = {ASSET_TAGS = (); }; };
		07F17EE01BB894BD00A874E5 /* Constants.swift in Sources */ = {isa = PBXBuildFile; fileRef = 07F17EDF1BB894BD00A874E5 /* Constants.swift */; settings = {ASSET_TAGS = (); }; };
		07F17EE21BB89A2100A874E5 /* MaterialButton.swift in Sources */ = {isa = PBXBuildFile; fileRef = 07F17EE11BB89A2100A874E5 /* MaterialButton.swift */; settings = {ASSET_TAGS = (); }; };
		07F17EE41BB89D1100A874E5 /* MaterialTextField.swift in Sources */ = {isa = PBXBuildFile; fileRef = 07F17EE31BB89D1100A874E5 /* MaterialTextField.swift */; settings = {ASSET_TAGS = (); }; };
		07F17EE71BB8A1D800A874E5 /* Bolts.framework in Frameworks */ = {isa = PBXBuildFile; fileRef = 07F17EE61BB8A1D800A874E5 /* Bolts.framework */; settings = {ASSET_TAGS = (); }; };
		07F17EEA1BB8A1F400A874E5 /* FBSDKCoreKit.framework in Frameworks */ = {isa = PBXBuildFile; fileRef = 07F17EE81BB8A1F400A874E5 /* FBSDKCoreKit.framework */; settings = {ASSET_TAGS = (); }; };
		07F17EEB1BB8A1F400A874E5 /* FBSDKLoginKit.framework in Frameworks */ = {isa = PBXBuildFile; fileRef = 07F17EE91BB8A1F400A874E5 /* FBSDKLoginKit.framework */; settings = {ASSET_TAGS = (); }; };
		B860279BE4B455623B34DE39 /* Pods_Hubhop.framework in Frameworks */ = {isa = PBXBuildFile; fileRef = 31FD5000D1EBB3EEB4D656A0 /* Pods_Hubhop.framework */; settings = {ATTRIBUTES = (Weak, ); }; };
/* End PBXBuildFile section */

/* Begin PBXFileReference section */
		0728FBCB1BB8D23800150799 /* DataService.swift */ = {isa = PBXFileReference; fileEncoding = 4; lastKnownFileType = sourcecode.swift; path = DataService.swift; sourceTree = "<group>"; };
		0728FBCD1BB8F1AF00150799 /* FeedVC.swift */ = {isa = PBXFileReference; fileEncoding = 4; lastKnownFileType = sourcecode.swift; path = FeedVC.swift; sourceTree = "<group>"; };
		0728FBCF1BB8F2B800150799 /* PostCell.swift */ = {isa = PBXFileReference; fileEncoding = 4; lastKnownFileType = sourcecode.swift; path = PostCell.swift; sourceTree = "<group>"; };
		0728FBD11BB9AF1000150799 /* Post.swift */ = {isa = PBXFileReference; fileEncoding = 4; lastKnownFileType = sourcecode.swift; path = Post.swift; sourceTree = "<group>"; };
		07F17EBB1BB88F3500A874E5 /* Hubhop.app */ = {isa = PBXFileReference; explicitFileType = wrapper.application; includeInIndex = 0; path = Hubhop.app; sourceTree = BUILT_PRODUCTS_DIR; };
		07F17EBE1BB88F3500A874E5 /* AppDelegate.swift */ = {isa = PBXFileReference; lastKnownFileType = sourcecode.swift; path = AppDelegate.swift; sourceTree = "<group>"; };
		07F17EC01BB88F3500A874E5 /* ViewController.swift */ = {isa = PBXFileReference; lastKnownFileType = sourcecode.swift; path = ViewController.swift; sourceTree = "<group>"; };
		07F17EC31BB88F3500A874E5 /* Base */ = {isa = PBXFileReference; lastKnownFileType = file.storyboard; name = Base; path = Base.lproj/Main.storyboard; sourceTree = "<group>"; };
		07F17EC51BB88F3500A874E5 /* Assets.xcassets */ = {isa = PBXFileReference; lastKnownFileType = folder.assetcatalog; path = Assets.xcassets; sourceTree = "<group>"; };
		07F17EC81BB88F3500A874E5 /* Base */ = {isa = PBXFileReference; lastKnownFileType = file.storyboard; name = Base; path = Base.lproj/LaunchScreen.storyboard; sourceTree = "<group>"; };
		07F17ECA1BB88F3500A874E5 /* Info.plist */ = {isa = PBXFileReference; lastKnownFileType = text.plist.xml; path = Info.plist; sourceTree = "<group>"; };
		07F17ED41BB88F8E00A874E5 /* NotoSans-Bold.ttf */ = {isa = PBXFileReference; lastKnownFileType = file; path = "NotoSans-Bold.ttf"; sourceTree = "<group>"; };
		07F17ED51BB88F8E00A874E5 /* NotoSans-BoldItalic.ttf */ = {isa = PBXFileReference; lastKnownFileType = file; path = "NotoSans-BoldItalic.ttf"; sourceTree = "<group>"; };
		07F17ED61BB88F8E00A874E5 /* NotoSans-Italic.ttf */ = {isa = PBXFileReference; lastKnownFileType = file; path = "NotoSans-Italic.ttf"; sourceTree = "<group>"; };
		07F17ED71BB88F8E00A874E5 /* NotoSans-Regular.ttf */ = {isa = PBXFileReference; lastKnownFileType = file; path = "NotoSans-Regular.ttf"; sourceTree = "<group>"; };
		07F17EDC1BB8945A00A874E5 /* MaterialView.swift */ = {isa = PBXFileReference; fileEncoding = 4; lastKnownFileType = sourcecode.swift; path = MaterialView.swift; sourceTree = "<group>"; };
		07F17EDF1BB894BD00A874E5 /* Constants.swift */ = {isa = PBXFileReference; fileEncoding = 4; lastKnownFileType = sourcecode.swift; path = Constants.swift; sourceTree = "<group>"; };
		07F17EE11BB89A2100A874E5 /* MaterialButton.swift */ = {isa = PBXFileReference; fileEncoding = 4; lastKnownFileType = sourcecode.swift; path = MaterialButton.swift; sourceTree = "<group>"; };
		07F17EE31BB89D1100A874E5 /* MaterialTextField.swift */ = {isa = PBXFileReference; fileEncoding = 4; lastKnownFileType = sourcecode.swift; path = MaterialTextField.swift; sourceTree = "<group>"; };
		07F17EE61BB8A1D800A874E5 /* Bolts.framework */ = {isa = PBXFileReference; lastKnownFileType = wrapper.framework; path = Bolts.framework; sourceTree = "<group>"; };
		07F17EE81BB8A1F400A874E5 /* FBSDKCoreKit.framework */ = {isa = PBXFileReference; lastKnownFileType = wrapper.framework; path = FBSDKCoreKit.framework; sourceTree = "<group>"; };
		07F17EE91BB8A1F400A874E5 /* FBSDKLoginKit.framework */ = {isa = PBXFileReference; lastKnownFileType = wrapper.framework; path = FBSDKLoginKit.framework; sourceTree = "<group>"; };
		31FD5000D1EBB3EEB4D656A0 /* Pods_Hubhop.framework */ = {isa = PBXFileReference; explicitFileType = wrapper.framework; includeInIndex = 0; path = Pods_Hubhop.framework; sourceTree = BUILT_PRODUCTS_DIR; };
		5A15CB4FAC03293BFB2B1D82 /* Pods-Hubhop.release.xcconfig */ = {isa = PBXFileReference; includeInIndex = 1; lastKnownFileType = text.xcconfig; name = "Pods-Hubhop.release.xcconfig"; path = "Pods/Target Support Files/Pods-Hubhop/Pods-Hubhop.release.xcconfig"; sourceTree = "<group>"; };
		6D00990CC1A2D841F702271A /* Pods-Hubhop.debug.xcconfig */ = {isa = PBXFileReference; includeInIndex = 1; lastKnownFileType = text.xcconfig; name = "Pods-Hubhop.debug.xcconfig"; path = "Pods/Target Support Files/Pods-Hubhop/Pods-Hubhop.debug.xcconfig"; sourceTree = "<group>"; };
/* End PBXFileReference section */

/* Begin PBXFrameworksBuildPhase section */
		07F17EB81BB88F3500A874E5 /* Frameworks */ = {
			isa = PBXFrameworksBuildPhase;
			buildActionMask = 2147483647;
			files = (
				07F17EE71BB8A1D800A874E5 /* Bolts.framework in Frameworks */,
				07F17EEA1BB8A1F400A874E5 /* FBSDKCoreKit.framework in Frameworks */,
				07F17EEB1BB8A1F400A874E5 /* FBSDKLoginKit.framework in Frameworks */,
				B860279BE4B455623B34DE39 /* Pods_Hubhop.framework in Frameworks */,
			);
			runOnlyForDeploymentPostprocessing = 0;
		};
/* End PBXFrameworksBuildPhase section */

/* Begin PBXGroup section */
		0728FBCA1BB8D22600150799 /* Services */ = {
			isa = PBXGroup;
			children = (
				0728FBCB1BB8D23800150799 /* DataService.swift */,
			);
			name = Services;
			sourceTree = "<group>";
		};
		07F17EB21BB88F3500A874E5 = {
			isa = PBXGroup;
			children = (
				07F17EBD1BB88F3500A874E5 /* Hubhop */,
				07F17EBC1BB88F3500A874E5 /* Products */,
				9CAD7EDFB393A58301800AC0 /* Pods */,
				AC4C8447D3CBEDE817EBAB63 /* Frameworks */,
			);
			sourceTree = "<group>";
		};
		07F17EBC1BB88F3500A874E5 /* Products */ = {
			isa = PBXGroup;
			children = (
				07F17EBB1BB88F3500A874E5 /* Hubhop.app */,
			);
			name = Products;
			sourceTree = "<group>";
		};
		07F17EBD1BB88F3500A874E5 /* Hubhop */ = {
			isa = PBXGroup;
			children = (
				0728FBCA1BB8D22600150799 /* Services */,
				07F17EE51BB8A1CB00A874E5 /* Frameworks */,
				07F17EDE1BB894AE00A874E5 /* Util */,
				07F17ED31BB88F7C00A874E5 /* Resources */,
				07F17ED21BB88F7600A874E5 /* Model */,
				07F17ED11BB88F7100A874E5 /* View */,
				07F17ED01BB88F6B00A874E5 /* Controller */,
				07F17EBE1BB88F3500A874E5 /* AppDelegate.swift */,
				07F17EC51BB88F3500A874E5 /* Assets.xcassets */,
				07F17ECA1BB88F3500A874E5 /* Info.plist */,
			);
			path = Hubhop;
			sourceTree = "<group>";
		};
		07F17ED01BB88F6B00A874E5 /* Controller */ = {
			isa = PBXGroup;
			children = (
				07F17EC01BB88F3500A874E5 /* ViewController.swift */,
				0728FBCD1BB8F1AF00150799 /* FeedVC.swift */,
			);
			name = Controller;
			sourceTree = "<group>";
		};
		07F17ED11BB88F7100A874E5 /* View */ = {
			isa = PBXGroup;
			children = (
				07F17EDC1BB8945A00A874E5 /* MaterialView.swift */,
				07F17EE11BB89A2100A874E5 /* MaterialButton.swift */,
				07F17EE31BB89D1100A874E5 /* MaterialTextField.swift */,
				0728FBCF1BB8F2B800150799 /* PostCell.swift */,
				07F17EC21BB88F3500A874E5 /* Main.storyboard */,
				07F17EC71BB88F3500A874E5 /* LaunchScreen.storyboard */,
			);
			name = View;
			sourceTree = "<group>";
		};
		07F17ED21BB88F7600A874E5 /* Model */ = {
			isa = PBXGroup;
			children = (
				0728FBD11BB9AF1000150799 /* Post.swift */,
			);
			name = Model;
			sourceTree = "<group>";
		};
		07F17ED31BB88F7C00A874E5 /* Resources */ = {
			isa = PBXGroup;
			children = (
				07F17ED41BB88F8E00A874E5 /* NotoSans-Bold.ttf */,
				07F17ED51BB88F8E00A874E5 /* NotoSans-BoldItalic.ttf */,
				07F17ED61BB88F8E00A874E5 /* NotoSans-Italic.ttf */,
				07F17ED71BB88F8E00A874E5 /* NotoSans-Regular.ttf */,
			);
			name = Resources;
			sourceTree = "<group>";
		};
		07F17EDE1BB894AE00A874E5 /* Util */ = {
			isa = PBXGroup;
			children = (
				07F17EDF1BB894BD00A874E5 /* Constants.swift */,
			);
			name = Util;
			sourceTree = "<group>";
		};
		07F17EE51BB8A1CB00A874E5 /* Frameworks */ = {
			isa = PBXGroup;
			children = (
				07F17EE81BB8A1F400A874E5 /* FBSDKCoreKit.framework */,
				07F17EE91BB8A1F400A874E5 /* FBSDKLoginKit.framework */,
				07F17EE61BB8A1D800A874E5 /* Bolts.framework */,
			);
			name = Frameworks;
			sourceTree = "<group>";
		};
		9CAD7EDFB393A58301800AC0 /* Pods */ = {
			isa = PBXGroup;
			children = (
				6D00990CC1A2D841F702271A /* Pods-Hubhop.debug.xcconfig */,
				5A15CB4FAC03293BFB2B1D82 /* Pods-Hubhop.release.xcconfig */,
			);
			name = Pods;
			sourceTree = "<group>";
		};
		AC4C8447D3CBEDE817EBAB63 /* Frameworks */ = {
			isa = PBXGroup;
			children = (
				31FD5000D1EBB3EEB4D656A0 /* Pods_Hubhop.framework */,
			);
			name = Frameworks;
			sourceTree = "<group>";
		};
/* End PBXGroup section */

/* Begin PBXNativeTarget section */
		07F17EBA1BB88F3500A874E5 /* Hubhop */ = {
			isa = PBXNativeTarget;
			buildConfigurationList = 07F17ECD1BB88F3500A874E5 /* Build configuration list for PBXNativeTarget "Hubhop" */;
			buildPhases = (
				D5AD9348DF1AD3266E8874CA /* Check Pods Manifest.lock */,
				07F17EB71BB88F3500A874E5 /* Sources */,
				07F17EB81BB88F3500A874E5 /* Frameworks */,
				07F17EB91BB88F3500A874E5 /* Resources */,
				28049255CFCDE0C267C66D5E /* Embed Pods Frameworks */,
				0DDC8D54B67E1CC60519A299 /* Copy Pods Resources */,
			);
			buildRules = (
			);
			dependencies = (
			);
			name = Hubhop;
			productName = Hubhop;
			productReference = 07F17EBB1BB88F3500A874E5 /* Hubhop.app */;
			productType = "com.apple.product-type.application";
		};
/* End PBXNativeTarget section */

/* Begin PBXProject section */
		07F17EB31BB88F3500A874E5 /* Project object */ = {
			isa = PBXProject;
			attributes = {
				LastUpgradeCheck = 0700;
				ORGANIZATIONNAME = MiraCode;
				TargetAttributes = {
					07F17EBA1BB88F3500A874E5 = {
						CreatedOnToolsVersion = 7.0;
					};
				};
			};
			buildConfigurationList = 07F17EB61BB88F3500A874E5 /* Build configuration list for PBXProject "Hubhop" */;
			compatibilityVersion = "Xcode 3.2";
			developmentRegion = English;
			hasScannedForEncodings = 0;
			knownRegions = (
				en,
				Base,
			);
			mainGroup = 07F17EB21BB88F3500A874E5;
			productRefGroup = 07F17EBC1BB88F3500A874E5 /* Products */;
			projectDirPath = "";
			projectRoot = "";
			targets = (
				07F17EBA1BB88F3500A874E5 /* Hubhop */,
			);
		};
/* End PBXProject section */

/* Begin PBXResourcesBuildPhase section */
		07F17EB91BB88F3500A874E5 /* Resources */ = {
			isa = PBXResourcesBuildPhase;
			buildActionMask = 2147483647;
			files = (
				07F17ED81BB88F8E00A874E5 /* NotoSans-Bold.ttf in Resources */,
				07F17EC91BB88F3500A874E5 /* LaunchScreen.storyboard in Resources */,
				07F17ED91BB88F8E00A874E5 /* NotoSans-BoldItalic.ttf in Resources */,
				07F17EDA1BB88F8E00A874E5 /* NotoSans-Italic.ttf in Resources */,
				07F17EC61BB88F3500A874E5 /* Assets.xcassets in Resources */,
				07F17EC41BB88F3500A874E5 /* Main.storyboard in Resources */,
				07F17EDB1BB88F8E00A874E5 /* NotoSans-Regular.ttf in Resources */,
			);
			runOnlyForDeploymentPostprocessing = 0;
		};
/* End PBXResourcesBuildPhase section */

/* Begin PBXShellScriptBuildPhase section */
		0DDC8D54B67E1CC60519A299 /* Copy Pods Resources */ = {
			isa = PBXShellScriptBuildPhase;
			buildActionMask = 2147483647;
			files = (
			);
			inputPaths = (
			);
			name = "Copy Pods Resources";
			outputPaths = (
			);
			runOnlyForDeploymentPostprocessing = 0;
			shellPath = /bin/sh;
			shellScript = "\"${SRCROOT}/Pods/Target Support Files/Pods-Hubhop/Pods-Hubhop-resources.sh\"\n";
			showEnvVarsInLog = 0;
		};
		28049255CFCDE0C267C66D5E /* Embed Pods Frameworks */ = {
			isa = PBXShellScriptBuildPhase;
			buildActionMask = 2147483647;
			files = (
			);
			inputPaths = (
			);
			name = "Embed Pods Frameworks";
			outputPaths = (
			);
			runOnlyForDeploymentPostprocessing = 0;
			shellPath = /bin/sh;
			shellScript = "\"${SRCROOT}/Pods/Target Support Files/Pods-Hubhop/Pods-Hubhop-frameworks.sh\"\n";
			showEnvVarsInLog = 0;
		};
		D5AD9348DF1AD3266E8874CA /* Check Pods Manifest.lock */ = {
			isa = PBXShellScriptBuildPhase;
			buildActionMask = 2147483647;
			files = (
			);
			inputPaths = (
			);
			name = "Check Pods Manifest.lock";
			outputPaths = (
			);
			runOnlyForDeploymentPostprocessing = 0;
			shellPath = /bin/sh;
			shellScript = "diff \"${PODS_ROOT}/../Podfile.lock\" \"${PODS_ROOT}/Manifest.lock\" > /dev/null\nif [[ $? != 0 ]] ; then\n    cat << EOM\nerror: The sandbox is not in sync with the Podfile.lock. Run 'pod install' or update your CocoaPods installation.\nEOM\n    exit 1\nfi\n";
			showEnvVarsInLog = 0;
		};
/* End PBXShellScriptBuildPhase section */

/* Begin PBXSourcesBuildPhase section */
		07F17EB71BB88F3500A874E5 /* Sources */ = {
			isa = PBXSourcesBuildPhase;
			buildActionMask = 2147483647;
			files = (
				07F17EE41BB89D1100A874E5 /* MaterialTextField.swift in Sources */,
				0728FBCC1BB8D23800150799 /* DataService.swift in Sources */,
				07F17EDD1BB8945A00A874E5 /* MaterialView.swift in Sources */,
				07F17EC11BB88F3500A874E5 /* ViewController.swift in Sources */,
				0728FBCE1BB8F1AF00150799 /* FeedVC.swift in Sources */,
				0728FBD01BB8F2B800150799 /* PostCell.swift in Sources */,
				07F17EBF1BB88F3500A874E5 /* AppDelegate.swift in Sources */,
				07F17EE01BB894BD00A874E5 /* Constants.swift in Sources */,
				07F17EE21BB89A2100A874E5 /* MaterialButton.swift in Sources */,
				0728FBD21BB9AF1000150799 /* Post.swift in Sources */,
			);
			runOnlyForDeploymentPostprocessing = 0;
		};
/* End PBXSourcesBuildPhase section */

/* Begin PBXVariantGroup section */
		07F17EC21BB88F3500A874E5 /* Main.storyboard */ = {
			isa = PBXVariantGroup;
			children = (
				07F17EC31BB88F3500A874E5 /* Base */,
			);
			name = Main.storyboard;
			sourceTree = "<group>";
		};
		07F17EC71BB88F3500A874E5 /* LaunchScreen.storyboard */ = {
			isa = PBXVariantGroup;
			children = (
				07F17EC81BB88F3500A874E5 /* Base */,
			);
			name = LaunchScreen.storyboard;
			sourceTree = "<group>";
		};
/* End PBXVariantGroup section */

/* Begin XCBuildConfiguration section */
		07F17ECB1BB88F3500A874E5 /* Debug */ = {
			isa = XCBuildConfiguration;
			buildSettings = {
				ALWAYS_SEARCH_USER_PATHS = NO;
				CLANG_CXX_LANGUAGE_STANDARD = "gnu++0x";
				CLANG_CXX_LIBRARY = "libc++";
				CLANG_ENABLE_MODULES = YES;
				CLANG_ENABLE_OBJC_ARC = YES;
				CLANG_WARN_BOOL_CONVERSION = YES;
				CLANG_WARN_CONSTANT_CONVERSION = YES;
				CLANG_WARN_DIRECT_OBJC_ISA_USAGE = YES_ERROR;
				CLANG_WARN_EMPTY_BODY = YES;
				CLANG_WARN_ENUM_CONVERSION = YES;
				CLANG_WARN_INT_CONVERSION = YES;
				CLANG_WARN_OBJC_ROOT_CLASS = YES_ERROR;
				CLANG_WARN_UNREACHABLE_CODE = YES;
				CLANG_WARN__DUPLICATE_METHOD_MATCH = YES;
				"CODE_SIGN_IDENTITY[sdk=iphoneos*]" = "iPhone Developer";
				COPY_PHASE_STRIP = NO;
				DEBUG_INFORMATION_FORMAT = dwarf;
				ENABLE_STRICT_OBJC_MSGSEND = YES;
				ENABLE_TESTABILITY = YES;
				GCC_C_LANGUAGE_STANDARD = gnu99;
				GCC_DYNAMIC_NO_PIC = NO;
				GCC_NO_COMMON_BLOCKS = YES;
				GCC_OPTIMIZATION_LEVEL = 0;
				GCC_PREPROCESSOR_DEFINITIONS = (
					"DEBUG=1",
					"$(inherited)",
				);
				GCC_WARN_64_TO_32_BIT_CONVERSION = YES;
				GCC_WARN_ABOUT_RETURN_TYPE = YES_ERROR;
				GCC_WARN_UNDECLARED_SELECTOR = YES;
				GCC_WARN_UNINITIALIZED_AUTOS = YES_AGGRESSIVE;
				GCC_WARN_UNUSED_FUNCTION = YES;
				GCC_WARN_UNUSED_VARIABLE = YES;
				IPHONEOS_DEPLOYMENT_TARGET = 9.0;
				MTL_ENABLE_DEBUG_INFO = YES;
				ONLY_ACTIVE_ARCH = YES;
				SDKROOT = iphoneos;
				SWIFT_OPTIMIZATION_LEVEL = "-Onone";
				TARGETED_DEVICE_FAMILY = "1,2";
			};
			name = Debug;
		};
		07F17ECC1BB88F3500A874E5 /* Release */ = {
			isa = XCBuildConfiguration;
			buildSettings = {
				ALWAYS_SEARCH_USER_PATHS = NO;
				CLANG_CXX_LANGUAGE_STANDARD = "gnu++0x";
				CLANG_CXX_LIBRARY = "libc++";
				CLANG_ENABLE_MODULES = YES;
				CLANG_ENABLE_OBJC_ARC = YES;
				CLANG_WARN_BOOL_CONVERSION = YES;
				CLANG_WARN_CONSTANT_CONVERSION = YES;
				CLANG_WARN_DIRECT_OBJC_ISA_USAGE = YES_ERROR;
				CLANG_WARN_EMPTY_BODY = YES;
				CLANG_WARN_ENUM_CONVERSION = YES;
				CLANG_WARN_INT_CONVERSION = YES;
				CLANG_WARN_OBJC_ROOT_CLASS = YES_ERROR;
				CLANG_WARN_UNREACHABLE_CODE = YES;
				CLANG_WARN__DUPLICATE_METHOD_MATCH = YES;
				"CODE_SIGN_IDENTITY[sdk=iphoneos*]" = "iPhone Developer";
				COPY_PHASE_STRIP = NO;
				DEBUG_INFORMATION_FORMAT = "dwarf-with-dsym";
				ENABLE_NS_ASSERTIONS = NO;
				ENABLE_STRICT_OBJC_MSGSEND = YES;
				GCC_C_LANGUAGE_STANDARD = gnu99;
				GCC_NO_COMMON_BLOCKS = YES;
				GCC_WARN_64_TO_32_BIT_CONVERSION = YES;
				GCC_WARN_ABOUT_RETURN_TYPE = YES_ERROR;
				GCC_WARN_UNDECLARED_SELECTOR = YES;
				GCC_WARN_UNINITIALIZED_AUTOS = YES_AGGRESSIVE;
				GCC_WARN_UNUSED_FUNCTION = YES;
				GCC_WARN_UNUSED_VARIABLE = YES;
				IPHONEOS_DEPLOYMENT_TARGET = 9.0;
				MTL_ENABLE_DEBUG_INFO = NO;
				SDKROOT = iphoneos;
				TARGETED_DEVICE_FAMILY = "1,2";
				VALIDATE_PRODUCT = YES;
			};
			name = Release;
		};
		07F17ECE1BB88F3500A874E5 /* Debug */ = {
			isa = XCBuildConfiguration;
			baseConfigurationReference = 6D00990CC1A2D841F702271A /* Pods-Hubhop.debug.xcconfig */;
			buildSettings = {
				ASSETCATALOG_COMPILER_APPICON_NAME = AppIcon;
				ENABLE_BITCODE = NO;
				FRAMEWORK_SEARCH_PATHS = (
					"$(inherited)",
					"$(PROJECT_DIR)/Hubhop",
				);
				INFOPLIST_FILE = Hubhop/Info.plist;
				LD_RUNPATH_SEARCH_PATHS = "$(inherited) @executable_path/Frameworks";
				PRODUCT_BUNDLE_IDENTIFIER = com.miracode.hubhop;
				PRODUCT_NAME = "$(TARGET_NAME)";
			};
			name = Debug;
		};
		07F17ECF1BB88F3500A874E5 /* Release */ = {
			isa = XCBuildConfiguration;
			baseConfigurationReference = 5A15CB4FAC03293BFB2B1D82 /* Pods-Hubhop.release.xcconfig */;
			buildSettings = {
				ASSETCATALOG_COMPILER_APPICON_NAME = AppIcon;
				ENABLE_BITCODE = NO;
				FRAMEWORK_SEARCH_PATHS = (
					"$(inherited)",
					"$(PROJECT_DIR)/Hubhop",
				);
				INFOPLIST_FILE = Hubhop/Info.plist;
				LD_RUNPATH_SEARCH_PATHS = "$(inherited) @executable_path/Frameworks";
				PRODUCT_BUNDLE_IDENTIFIER = com.miracode.hubhop;
				PRODUCT_NAME = "$(TARGET_NAME)";
			};
			name = Release;
		};
/* End XCBuildConfiguration section */

/* Begin XCConfigurationList section */
		07F17EB61BB88F3500A874E5 /* Build configuration list for PBXProject "Hubhop" */ = {
			isa = XCConfigurationList;
			buildConfigurations = (
				07F17ECB1BB88F3500A874E5 /* Debug */,
				07F17ECC1BB88F3500A874E5 /* Release */,
			);
			defaultConfigurationIsVisible = 0;
			defaultConfigurationName = Release;
		};
		07F17ECD1BB88F3500A874E5 /* Build configuration list for PBXNativeTarget "Hubhop" */ = {
			isa = XCConfigurationList;
			buildConfigurations = (
				07F17ECE1BB88F3500A874E5 /* Debug */,
				07F17ECF1BB88F3500A874E5 /* Release */,
			);
			defaultConfigurationIsVisible = 0;
			defaultConfigurationName = Release;
		};
/* End XCConfigurationList section */
	};
	rootObject = 07F17EB31BB88F3500A874E5 /* Project object */;
}
